
Microsoft Visual Studio Solution File, Format Version 12.00
# Visual Studio Version 16
VisualStudioVersion = 16.0.30225.117
MinimumVisualStudioVersion = 10.0.40219.1
Project("{FAE04EC0-301F-11D3-BF4B-00C04F79EFBC}") = "Web", "Web\Web.csproj", "{214120A1-DB9C-495A-9B11-7ABA43A42BA8}"
EndProject
Project("{FAE04EC0-301F-11D3-BF4B-00C04F79EFBC}") = "Core", "Core\Core.csproj", "{EAE176B6-0567-4332-BC5B-7A6A46A41DCD}"
EndProject
Project("{FAE04EC0-301F-11D3-BF4B-00C04F79EFBC}") = "Infrastructure", "Infrastructure\Infrastructure.csproj", "{76D88E22-CAB8-4412-8923-57B585B0C041}"
EndProject
Global
	GlobalSection(SolutionConfigurationPlatforms) = preSolution
		Debug|Any CPU = Debug|Any CPU
		Release|Any CPU = Release|Any CPU
	EndGlobalSection
	GlobalSection(ProjectConfigurationPlatforms) = postSolution
		{214120A1-DB9C-495A-9B11-7ABA43A42BA8}.Debug|Any CPU.ActiveCfg = Debug|Any CPU
		{214120A1-DB9C-495A-9B11-7ABA43A42BA8}.Debug|Any CPU.Build.0 = Debug|Any CPU
		{214120A1-DB9C-495A-9B11-7ABA43A42BA8}.Release|Any CPU.ActiveCfg = Release|Any CPU
		{214120A1-DB9C-495A-9B11-7ABA43A42BA8}.Release|Any CPU.Build.0 = Release|Any CPU
		{EAE176B6-0567-4332-BC5B-7A6A46A41DCD}.Debug|Any CPU.ActiveCfg = Debug|Any CPU
		{EAE176B6-0567-4332-BC5B-7A6A46A41DCD}.Debug|Any CPU.Build.0 = Debug|Any CPU
		{EAE176B6-0567-4332-BC5B-7A6A46A41DCD}.Release|Any CPU.ActiveCfg = Release|Any CPU
		{EAE176B6-0567-4332-BC5B-7A6A46A41DCD}.Release|Any CPU.Build.0 = Release|Any CPU
		{76D88E22-CAB8-4412-8923-57B585B0C041}.Debug|Any CPU.ActiveCfg = Debug|Any CPU
		{76D88E22-CAB8-4412-8923-57B585B0C041}.Debug|Any CPU.Build.0 = Debug|Any CPU
		{76D88E22-CAB8-4412-8923-57B585B0C041}.Release|Any CPU.ActiveCfg = Release|Any CPU
		{76D88E22-CAB8-4412-8923-57B585B0C041}.Release|Any CPU.Build.0 = Release|Any CPU
	EndGlobalSection
	GlobalSection(SolutionProperties) = preSolution
		HideSolutionNode = FALSE
	EndGlobalSection
	GlobalSection(ExtensibilityGlobals) = postSolution
		SolutionGuid = {9A884D6F-F473-4440-A279-46B1A2088D07}
	EndGlobalSection
EndGlobal
